
Microsoft Visual Studio Solution File, Format Version 12.00
# Visual Studio 2012
Project("{2150E333-8FDC-42A3-9474-1A3956D46DE8}") = "Solution Items", "Solution Items", "{333F1304-DD20-4934-B07E-7C5CB029EFF2}"
	ProjectSection(SolutionItems) = preProject
		BeterVervoegen.vsmdi = BeterVervoegen.vsmdi
		Local.testsettings = Local.testsettings
		TraceAndTestImpact.testsettings = TraceAndTestImpact.testsettings
	EndProjectSection
EndProject
Project("{FAE04EC0-301F-11D3-BF4B-00C04F79EFBC}") = "BeterVervoegen", "BeterVervoegen\BeterVervoegen.csproj", "{6CED5F6D-B624-4068-8FB2-CC83F5421AD4}"
EndProject
Project("{FAE04EC0-301F-11D3-BF4B-00C04F79EFBC}") = "BeterVervoegen.BL", "BeterVervoegen.BL\BeterVervoegen.BL.csproj", "{DD00CE5D-0C6F-42B7-B141-44083AA26787}"
EndProject
Project("{FAE04EC0-301F-11D3-BF4B-00C04F79EFBC}") = "BeterVervoegen.DAL", "BeterVervoegen.DAL\BeterVervoegen.DAL.csproj", "{5E294DDA-F335-48A7-A9B0-9DDFE3DD104A}"
EndProject
Project("{FAE04EC0-301F-11D3-BF4B-00C04F79EFBC}") = "BeterVervoegen.Test", "BeterVervoegen.Test\BeterVervoegen.Test.csproj", "{9C94672D-4689-4153-876F-7F7402097ADA}"
EndProject
Project("{FAE04EC0-301F-11D3-BF4B-00C04F79EFBC}") = "BeterVervoegen.Specflow", "BeterVervoegen.Specflow\BeterVervoegen.Specflow.csproj", "{FCBF1EB5-5411-417D-B796-B92206BD7E49}"
EndProject
Project("{2150E333-8FDC-42A3-9474-1A3956D46DE8}") = ".nuget", ".nuget", "{FEAC8BE2-169E-499B-9A7C-009136057107}"
	ProjectSection(SolutionItems) = preProject
		.nuget\packages.config = .nuget\packages.config
	EndProjectSection
EndProject
Global
	GlobalSection(TestCaseManagementSettings) = postSolution
		CategoryFile = BeterVervoegen.vsmdi
	EndGlobalSection
	GlobalSection(SolutionConfigurationPlatforms) = preSolution
		Debug|Any CPU = Debug|Any CPU
		Release|Any CPU = Release|Any CPU
	EndGlobalSection
	GlobalSection(ProjectConfigurationPlatforms) = postSolution
		{6CED5F6D-B624-4068-8FB2-CC83F5421AD4}.Debug|Any CPU.ActiveCfg = Debug|Any CPU
		{6CED5F6D-B624-4068-8FB2-CC83F5421AD4}.Debug|Any CPU.Build.0 = Debug|Any CPU
		{6CED5F6D-B624-4068-8FB2-CC83F5421AD4}.Release|Any CPU.ActiveCfg = Release|Any CPU
		{6CED5F6D-B624-4068-8FB2-CC83F5421AD4}.Release|Any CPU.Build.0 = Release|Any CPU
		{DD00CE5D-0C6F-42B7-B141-44083AA26787}.Debug|Any CPU.ActiveCfg = Debug|Any CPU
		{DD00CE5D-0C6F-42B7-B141-44083AA26787}.Debug|Any CPU.Build.0 = Debug|Any CPU
		{DD00CE5D-0C6F-42B7-B141-44083AA26787}.Release|Any CPU.ActiveCfg = Release|Any CPU
		{DD00CE5D-0C6F-42B7-B141-44083AA26787}.Release|Any CPU.Build.0 = Release|Any CPU
		{5E294DDA-F335-48A7-A9B0-9DDFE3DD104A}.Debug|Any CPU.ActiveCfg = Debug|Any CPU
		{5E294DDA-F335-48A7-A9B0-9DDFE3DD104A}.Debug|Any CPU.Build.0 = Debug|Any CPU
		{5E294DDA-F335-48A7-A9B0-9DDFE3DD104A}.Release|Any CPU.ActiveCfg = Release|Any CPU
		{5E294DDA-F335-48A7-A9B0-9DDFE3DD104A}.Release|Any CPU.Build.0 = Release|Any CPU
		{9C94672D-4689-4153-876F-7F7402097ADA}.Debug|Any CPU.ActiveCfg = Debug|Any CPU
		{9C94672D-4689-4153-876F-7F7402097ADA}.Debug|Any CPU.Build.0 = Debug|Any CPU
		{9C94672D-4689-4153-876F-7F7402097ADA}.Release|Any CPU.ActiveCfg = Release|Any CPU
		{9C94672D-4689-4153-876F-7F7402097ADA}.Release|Any CPU.Build.0 = Release|Any CPU
		{FCBF1EB5-5411-417D-B796-B92206BD7E49}.Debug|Any CPU.ActiveCfg = Debug|Any CPU
		{FCBF1EB5-5411-417D-B796-B92206BD7E49}.Debug|Any CPU.Build.0 = Debug|Any CPU
		{FCBF1EB5-5411-417D-B796-B92206BD7E49}.Release|Any CPU.ActiveCfg = Release|Any CPU
		{FCBF1EB5-5411-417D-B796-B92206BD7E49}.Release|Any CPU.Build.0 = Release|Any CPU
	EndGlobalSection
	GlobalSection(SolutionProperties) = preSolution
		HideSolutionNode = FALSE
	EndGlobalSection
EndGlobal
