
Microsoft Visual Studio Solution File, Format Version 12.00
# Visual Studio 2013
VisualStudioVersion = 12.0.21005.1
MinimumVisualStudioVersion = 10.0.40219.1
Project("{FAE04EC0-301F-11D3-BF4B-00C04F79EFBC}") = "Byob.Domain", "Byob.Domain\Byob.Domain.csproj", "{043F8107-49F8-4B20-867C-B92FD9971B45}"
EndProject
Project("{FAE04EC0-301F-11D3-BF4B-00C04F79EFBC}") = "Byob.Domain.UnitTests", "Byob.Domain.UnitTests\Byob.Domain.UnitTests.csproj", "{802A2A44-983E-40E3-B25E-CD42C473A224}"
EndProject
Project("{FAE04EC0-301F-11D3-BF4B-00C04F79EFBC}") = "Byob.Dal", "Byob.Dal\Byob.Dal.csproj", "{F2564C21-EEE8-448D-9FB7-6FD0D92D55A8}"
EndProject
Project("{FAE04EC0-301F-11D3-BF4B-00C04F79EFBC}") = "Byob.Web", "Byob.Web\Byob.Web.csproj", "{8755C14E-F818-44D3-B782-44A7E571007F}"
EndProject
Project("{FAE04EC0-301F-11D3-BF4B-00C04F79EFBC}") = "Byob.Domain.Services", "Byob.Domain.Services\Byob.Domain.Services.csproj", "{E22D4C5A-BD64-47FD-89F7-6A4E06824DB9}"
EndProject
Project("{FAE04EC0-301F-11D3-BF4B-00C04F79EFBC}") = "Byob.Web.UnitTests", "Byob.Web.UnitTests\Byob.Web.UnitTests.csproj", "{6D450567-1E02-4E14-8E64-51608374C575}"
EndProject
Global
	GlobalSection(SolutionConfigurationPlatforms) = preSolution
		Debug|Any CPU = Debug|Any CPU
		Release|Any CPU = Release|Any CPU
	EndGlobalSection
	GlobalSection(ProjectConfigurationPlatforms) = postSolution
		{043F8107-49F8-4B20-867C-B92FD9971B45}.Debug|Any CPU.ActiveCfg = Debug|Any CPU
		{043F8107-49F8-4B20-867C-B92FD9971B45}.Debug|Any CPU.Build.0 = Debug|Any CPU
		{043F8107-49F8-4B20-867C-B92FD9971B45}.Release|Any CPU.ActiveCfg = Release|Any CPU
		{043F8107-49F8-4B20-867C-B92FD9971B45}.Release|Any CPU.Build.0 = Release|Any CPU
		{802A2A44-983E-40E3-B25E-CD42C473A224}.Debug|Any CPU.ActiveCfg = Debug|Any CPU
		{802A2A44-983E-40E3-B25E-CD42C473A224}.Debug|Any CPU.Build.0 = Debug|Any CPU
		{802A2A44-983E-40E3-B25E-CD42C473A224}.Release|Any CPU.ActiveCfg = Release|Any CPU
		{802A2A44-983E-40E3-B25E-CD42C473A224}.Release|Any CPU.Build.0 = Release|Any CPU
		{F2564C21-EEE8-448D-9FB7-6FD0D92D55A8}.Debug|Any CPU.ActiveCfg = Debug|Any CPU
		{F2564C21-EEE8-448D-9FB7-6FD0D92D55A8}.Debug|Any CPU.Build.0 = Debug|Any CPU
		{F2564C21-EEE8-448D-9FB7-6FD0D92D55A8}.Release|Any CPU.ActiveCfg = Release|Any CPU
		{F2564C21-EEE8-448D-9FB7-6FD0D92D55A8}.Release|Any CPU.Build.0 = Release|Any CPU
		{8755C14E-F818-44D3-B782-44A7E571007F}.Debug|Any CPU.ActiveCfg = Debug|Any CPU
		{8755C14E-F818-44D3-B782-44A7E571007F}.Debug|Any CPU.Build.0 = Debug|Any CPU
		{8755C14E-F818-44D3-B782-44A7E571007F}.Release|Any CPU.ActiveCfg = Release|Any CPU
		{8755C14E-F818-44D3-B782-44A7E571007F}.Release|Any CPU.Build.0 = Release|Any CPU
		{E22D4C5A-BD64-47FD-89F7-6A4E06824DB9}.Debug|Any CPU.ActiveCfg = Debug|Any CPU
		{E22D4C5A-BD64-47FD-89F7-6A4E06824DB9}.Debug|Any CPU.Build.0 = Debug|Any CPU
		{E22D4C5A-BD64-47FD-89F7-6A4E06824DB9}.Release|Any CPU.ActiveCfg = Release|Any CPU
		{E22D4C5A-BD64-47FD-89F7-6A4E06824DB9}.Release|Any CPU.Build.0 = Release|Any CPU
		{6D450567-1E02-4E14-8E64-51608374C575}.Debug|Any CPU.ActiveCfg = Debug|Any CPU
		{6D450567-1E02-4E14-8E64-51608374C575}.Debug|Any CPU.Build.0 = Debug|Any CPU
		{6D450567-1E02-4E14-8E64-51608374C575}.Release|Any CPU.ActiveCfg = Release|Any CPU
		{6D450567-1E02-4E14-8E64-51608374C575}.Release|Any CPU.Build.0 = Release|Any CPU
	EndGlobalSection
	GlobalSection(SolutionProperties) = preSolution
		HideSolutionNode = FALSE
	EndGlobalSection
	GlobalSection(ExtensibilityGlobals) = postSolution
		EnterpriseLibraryConfigurationToolBinariesPath = packages\Unity.2.1.505.2\lib\NET35
	EndGlobalSection
EndGlobal
