
Microsoft Visual Studio Solution File, Format Version 12.00
# Visual Studio 2012
Project("{FAE04EC0-301F-11D3-BF4B-00C04F79EFBC}") = "Auction.Web", "Auction.Web\Auction.Web.csproj", "{A34F3327-7847-48CE-B17D-B8C1B2A011F1}"
EndProject
Global
	GlobalSection(SolutionConfigurationPlatforms) = preSolution
		Debug|Any CPU = Debug|Any CPU
		Release|Any CPU = Release|Any CPU
	EndGlobalSection
	GlobalSection(ProjectConfigurationPlatforms) = postSolution
		{A34F3327-7847-48CE-B17D-B8C1B2A011F1}.Debug|Any CPU.ActiveCfg = Debug|Any CPU
		{A34F3327-7847-48CE-B17D-B8C1B2A011F1}.Debug|Any CPU.Build.0 = Debug|Any CPU
		{A34F3327-7847-48CE-B17D-B8C1B2A011F1}.Release|Any CPU.ActiveCfg = Release|Any CPU
		{A34F3327-7847-48CE-B17D-B8C1B2A011F1}.Release|Any CPU.Build.0 = Release|Any CPU
	EndGlobalSection
	GlobalSection(SolutionProperties) = preSolution
		HideSolutionNode = FALSE
	EndGlobalSection
EndGlobal
